
Microsoft Visual Studio Solution File, Format Version 12.00
# Visual Studio 2013
VisualStudioVersion = 12.0.30723.0
MinimumVisualStudioVersion = 10.0.40219.1
Project("{FAE04EC0-301F-11D3-BF4B-00C04F79EFBC}") = "dcControlPanel", "dcControlPanel\dcControlPanel.csproj", "{A8E7DEA7-69BB-45D2-8D5D-E122305480D1}"
EndProject
Project("{FAE04EC0-301F-11D3-BF4B-00C04F79EFBC}") = "dcControlPanel.Conn", "dcControlPanel.Conn\dcControlPanel.Conn.csproj", "{86C8D1C2-3AED-4FC0-AFBE-535A8F230F1A}"
EndProject
Project("{FAE04EC0-301F-11D3-BF4B-00C04F79EFBC}") = "dcControlPanel.Method", "dcControlPanel.Method\dcControlPanel.Method.csproj", "{0CC1A45C-3C9C-4AF0-BF16-38B5701C93D3}"
EndProject
Project("{FAE04EC0-301F-11D3-BF4B-00C04F79EFBC}") = "dcControlPanel.Base", "dcControlPanel.Base\dcControlPanel.Base.csproj", "{AA05B1E0-5D62-4924-8FAF-70CD52DDE239}"
EndProject
Global
	GlobalSection(SolutionConfigurationPlatforms) = preSolution
		Debug|Any CPU = Debug|Any CPU
		Release|Any CPU = Release|Any CPU
	EndGlobalSection
	GlobalSection(ProjectConfigurationPlatforms) = postSolution
		{A8E7DEA7-69BB-45D2-8D5D-E122305480D1}.Debug|Any CPU.ActiveCfg = Debug|Any CPU
		{A8E7DEA7-69BB-45D2-8D5D-E122305480D1}.Debug|Any CPU.Build.0 = Debug|Any CPU
		{A8E7DEA7-69BB-45D2-8D5D-E122305480D1}.Release|Any CPU.ActiveCfg = Release|Any CPU
		{A8E7DEA7-69BB-45D2-8D5D-E122305480D1}.Release|Any CPU.Build.0 = Release|Any CPU
		{86C8D1C2-3AED-4FC0-AFBE-535A8F230F1A}.Debug|Any CPU.ActiveCfg = Debug|Any CPU
		{86C8D1C2-3AED-4FC0-AFBE-535A8F230F1A}.Debug|Any CPU.Build.0 = Debug|Any CPU
		{86C8D1C2-3AED-4FC0-AFBE-535A8F230F1A}.Release|Any CPU.ActiveCfg = Release|Any CPU
		{86C8D1C2-3AED-4FC0-AFBE-535A8F230F1A}.Release|Any CPU.Build.0 = Release|Any CPU
		{0CC1A45C-3C9C-4AF0-BF16-38B5701C93D3}.Debug|Any CPU.ActiveCfg = Debug|Any CPU
		{0CC1A45C-3C9C-4AF0-BF16-38B5701C93D3}.Debug|Any CPU.Build.0 = Debug|Any CPU
		{0CC1A45C-3C9C-4AF0-BF16-38B5701C93D3}.Release|Any CPU.ActiveCfg = Release|Any CPU
		{0CC1A45C-3C9C-4AF0-BF16-38B5701C93D3}.Release|Any CPU.Build.0 = Release|Any CPU
		{AA05B1E0-5D62-4924-8FAF-70CD52DDE239}.Debug|Any CPU.ActiveCfg = Debug|Any CPU
		{AA05B1E0-5D62-4924-8FAF-70CD52DDE239}.Debug|Any CPU.Build.0 = Debug|Any CPU
		{AA05B1E0-5D62-4924-8FAF-70CD52DDE239}.Release|Any CPU.ActiveCfg = Release|Any CPU
		{AA05B1E0-5D62-4924-8FAF-70CD52DDE239}.Release|Any CPU.Build.0 = Release|Any CPU
	EndGlobalSection
	GlobalSection(SolutionProperties) = preSolution
		HideSolutionNode = FALSE
	EndGlobalSection
EndGlobal
